
Microsoft Visual Studio Solution File, Format Version 12.00
# Visual Studio Version 17
VisualStudioVersion = 17.3.32929.385
MinimumVisualStudioVersion = 10.0.40219.1
Project("{FAE04EC0-301F-11D3-BF4B-00C04F79EFBC}") = "Exception Handling", "Exception Handling\Exception Handling.csproj", "{AC3DA38F-6B87-4B1A-8E81-8F87FB43EC75}"
EndProject
Global
	GlobalSection(SolutionConfigurationPlatforms) = preSolution
		Debug|Any CPU = Debug|Any CPU
		Release|Any CPU = Release|Any CPU
	EndGlobalSection
	GlobalSection(ProjectConfigurationPlatforms) = postSolution
		{AC3DA38F-6B87-4B1A-8E81-8F87FB43EC75}.Debug|Any CPU.ActiveCfg = Debug|Any CPU
		{AC3DA38F-6B87-4B1A-8E81-8F87FB43EC75}.Debug|Any CPU.Build.0 = Debug|Any CPU
		{AC3DA38F-6B87-4B1A-8E81-8F87FB43EC75}.Release|Any CPU.ActiveCfg = Release|Any CPU
		{AC3DA38F-6B87-4B1A-8E81-8F87FB43EC75}.Release|Any CPU.Build.0 = Release|Any CPU
	EndGlobalSection
	GlobalSection(SolutionProperties) = preSolution
		HideSolutionNode = FALSE
	EndGlobalSection
	GlobalSection(ExtensibilityGlobals) = postSolution
		SolutionGuid = {5A154E8D-4654-45A6-B039-BCFB09A812EC}
	EndGlobalSection
EndGlobal
